
Microsoft Visual Studio Solution File, Format Version 12.00
# Visual Studio Version 17
VisualStudioVersion = 17.13.35825.156 d17.13
MinimumVisualStudioVersion = 10.0.40219.1
Project("{FAE04EC0-301F-11D3-BF4B-00C04F79EFBC}") = "testapi", "testapi\testapi.csproj", "{CE7FADB8-FF44-40FD-8ADF-BD10389659B9}"
EndProject
Global
	GlobalSection(SolutionConfigurationPlatforms) = preSolution
		Debug|Any CPU = Debug|Any CPU
		Release|Any CPU = Release|Any CPU
	EndGlobalSection
	GlobalSection(ProjectConfigurationPlatforms) = postSolution
		{CE7FADB8-FF44-40FD-8ADF-BD10389659B9}.Debug|Any CPU.ActiveCfg = Debug|Any CPU
		{CE7FADB8-FF44-40FD-8ADF-BD10389659B9}.Debug|Any CPU.Build.0 = Debug|Any CPU
		{CE7FADB8-FF44-40FD-8ADF-BD10389659B9}.Release|Any CPU.ActiveCfg = Release|Any CPU
		{CE7FADB8-FF44-40FD-8ADF-BD10389659B9}.Release|Any CPU.Build.0 = Release|Any CPU
	EndGlobalSection
	GlobalSection(SolutionProperties) = preSolution
		HideSolutionNode = FALSE
	EndGlobalSection
	GlobalSection(ExtensibilityGlobals) = postSolution
		SolutionGuid = {7CAFC486-0B49-4668-8371-94A76AF19F0B}
	EndGlobalSection
EndGlobal
